<Solution>
  <Folder Name="/Tests/">
    <Project Path="tests/WasmSharp.Tests/WasmSharp.Tests.csproj" />
    <Project Path="tests/WasmSharp.Generators.Tests/WasmSharp.Generators.Tests.csproj" />
  </Folder>
  <Project Path="src/WasmSharp/WasmSharp.csproj" />
  <Project Path="src/WasmSharp.Generators/WasmSharp.Generators.csproj" />
</Solution>
